
Microsoft Visual Studio Solution File, Format Version 12.00
# Visual Studio 15
VisualStudioVersion = 15.0.28307.168
MinimumVisualStudioVersion = 10.0.40219.1
Project("{888888A0-9F3D-457C-B088-3A5042F75D52}") = "PyGame", "PyGame\PyGame.pyproj", "{27A7B970-AF7F-4930-9E5D-4F429683F4FD}"
EndProject
Global
	GlobalSection(SolutionConfigurationPlatforms) = preSolution
		Debug|Any CPU = Debug|Any CPU
		Release|Any CPU = Release|Any CPU
	EndGlobalSection
	GlobalSection(ProjectConfigurationPlatforms) = postSolution
		{27A7B970-AF7F-4930-9E5D-4F429683F4FD}.Debug|Any CPU.ActiveCfg = Debug|Any CPU
		{27A7B970-AF7F-4930-9E5D-4F429683F4FD}.Release|Any CPU.ActiveCfg = Release|Any CPU
	EndGlobalSection
	GlobalSection(SolutionProperties) = preSolution
		HideSolutionNode = FALSE
	EndGlobalSection
	GlobalSection(ExtensibilityGlobals) = postSolution
		SolutionGuid = {E149F710-19C4-4E57-93D7-3F59E48326E8}
	EndGlobalSection
EndGlobal
